
Microsoft Visual Studio Solution File, Format Version 12.00
# Visual Studio Version 16
VisualStudioVersion = 16.0.32002.261
MinimumVisualStudioVersion = 10.0.40219.1
Project("{FAE04EC0-301F-11D3-BF4B-00C04F79EFBC}") = "WpfApp1", "WpfApp1\WpfApp1.csproj", "{2BEDDFD0-3505-4B4F-A0A7-E7D9DE03F5F2}"
EndProject
Global
	GlobalSection(SolutionConfigurationPlatforms) = preSolution
		Debug|Any CPU = Debug|Any CPU
		Release|Any CPU = Release|Any CPU
	EndGlobalSection
	GlobalSection(ProjectConfigurationPlatforms) = postSolution
		{2BEDDFD0-3505-4B4F-A0A7-E7D9DE03F5F2}.Debug|Any CPU.ActiveCfg = Debug|Any CPU
		{2BEDDFD0-3505-4B4F-A0A7-E7D9DE03F5F2}.Debug|Any CPU.Build.0 = Debug|Any CPU
		{2BEDDFD0-3505-4B4F-A0A7-E7D9DE03F5F2}.Release|Any CPU.ActiveCfg = Release|Any CPU
		{2BEDDFD0-3505-4B4F-A0A7-E7D9DE03F5F2}.Release|Any CPU.Build.0 = Release|Any CPU
	EndGlobalSection
	GlobalSection(SolutionProperties) = preSolution
		HideSolutionNode = FALSE
	EndGlobalSection
	GlobalSection(ExtensibilityGlobals) = postSolution
		SolutionGuid = {D849B3BD-2FAA-4A45-B5B3-103C7D2F6C46}
	EndGlobalSection
EndGlobal
