
Microsoft Visual Studio Solution File, Format Version 12.00
# Visual Studio Version 16
VisualStudioVersion = 16.0.32002.261
MinimumVisualStudioVersion = 10.0.40219.1
Project("{9A19103F-16F7-4668-BE54-9A1E7A4F7556}") = "CSharpCanBan", "CSharpCanBan\CSharpCanBan.csproj", "{B77ABB7F-600F-40C0-BA5B-A519BCF7873E}"
EndProject
Project("{9A19103F-16F7-4668-BE54-9A1E7A4F7556}") = "TamGiac", "TamGiac\TamGiac.csproj", "{34CFE8FC-ABA6-4636-991E-351D25795BAB}"
EndProject
Project("{9A19103F-16F7-4668-BE54-9A1E7A4F7556}") = "XepLoaiHS", "XepLoaiHS\XepLoaiHS.csproj", "{300576AD-9ECF-4FC2-91B7-496A03A60BFA}"
EndProject
Project("{9A19103F-16F7-4668-BE54-9A1E7A4F7556}") = "TongChuoi", "TongChuoi\TongChuoi.csproj", "{6BD085A6-7998-464E-B9B9-DBEC6D463C34}"
EndProject
Project("{FAE04EC0-301F-11D3-BF4B-00C04F79EFBC}") = "CanBacHai", "CanBacHai\CanBacHai.csproj", "{CE28350A-0BF0-4CFC-8497-98CF75A5509B}"
EndProject
Global
	GlobalSection(SolutionConfigurationPlatforms) = preSolution
		Debug|Any CPU = Debug|Any CPU
		Release|Any CPU = Release|Any CPU
	EndGlobalSection
	GlobalSection(ProjectConfigurationPlatforms) = postSolution
		{B77ABB7F-600F-40C0-BA5B-A519BCF7873E}.Debug|Any CPU.ActiveCfg = Debug|Any CPU
		{B77ABB7F-600F-40C0-BA5B-A519BCF7873E}.Debug|Any CPU.Build.0 = Debug|Any CPU
		{B77ABB7F-600F-40C0-BA5B-A519BCF7873E}.Release|Any CPU.ActiveCfg = Release|Any CPU
		{B77ABB7F-600F-40C0-BA5B-A519BCF7873E}.Release|Any CPU.Build.0 = Release|Any CPU
		{34CFE8FC-ABA6-4636-991E-351D25795BAB}.Debug|Any CPU.ActiveCfg = Debug|Any CPU
		{34CFE8FC-ABA6-4636-991E-351D25795BAB}.Debug|Any CPU.Build.0 = Debug|Any CPU
		{34CFE8FC-ABA6-4636-991E-351D25795BAB}.Release|Any CPU.ActiveCfg = Release|Any CPU
		{34CFE8FC-ABA6-4636-991E-351D25795BAB}.Release|Any CPU.Build.0 = Release|Any CPU
		{300576AD-9ECF-4FC2-91B7-496A03A60BFA}.Debug|Any CPU.ActiveCfg = Debug|Any CPU
		{300576AD-9ECF-4FC2-91B7-496A03A60BFA}.Debug|Any CPU.Build.0 = Debug|Any CPU
		{300576AD-9ECF-4FC2-91B7-496A03A60BFA}.Release|Any CPU.ActiveCfg = Release|Any CPU
		{300576AD-9ECF-4FC2-91B7-496A03A60BFA}.Release|Any CPU.Build.0 = Release|Any CPU
		{6BD085A6-7998-464E-B9B9-DBEC6D463C34}.Debug|Any CPU.ActiveCfg = Debug|Any CPU
		{6BD085A6-7998-464E-B9B9-DBEC6D463C34}.Debug|Any CPU.Build.0 = Debug|Any CPU
		{6BD085A6-7998-464E-B9B9-DBEC6D463C34}.Release|Any CPU.ActiveCfg = Release|Any CPU
		{6BD085A6-7998-464E-B9B9-DBEC6D463C34}.Release|Any CPU.Build.0 = Release|Any CPU
		{CE28350A-0BF0-4CFC-8497-98CF75A5509B}.Debug|Any CPU.ActiveCfg = Debug|Any CPU
		{CE28350A-0BF0-4CFC-8497-98CF75A5509B}.Debug|Any CPU.Build.0 = Debug|Any CPU
		{CE28350A-0BF0-4CFC-8497-98CF75A5509B}.Release|Any CPU.ActiveCfg = Release|Any CPU
		{CE28350A-0BF0-4CFC-8497-98CF75A5509B}.Release|Any CPU.Build.0 = Release|Any CPU
	EndGlobalSection
	GlobalSection(SolutionProperties) = preSolution
		HideSolutionNode = FALSE
	EndGlobalSection
	GlobalSection(ExtensibilityGlobals) = postSolution
		SolutionGuid = {5449692A-EDFA-40A0-94B0-48F39A5A6A2B}
	EndGlobalSection
EndGlobal
