
Microsoft Visual Studio Solution File, Format Version 12.00
# Visual Studio Version 16
VisualStudioVersion = 16.0.32002.261
MinimumVisualStudioVersion = 10.0.40219.1
Project("{FAE04EC0-301F-11D3-BF4B-00C04F79EFBC}") = "Bai9.2", "Bai9.2\Bai9.2.csproj", "{ACE972D6-11E1-470B-847D-1DEE8832A74B}"
EndProject
Global
	GlobalSection(SolutionConfigurationPlatforms) = preSolution
		Debug|Any CPU = Debug|Any CPU
		Release|Any CPU = Release|Any CPU
	EndGlobalSection
	GlobalSection(ProjectConfigurationPlatforms) = postSolution
		{ACE972D6-11E1-470B-847D-1DEE8832A74B}.Debug|Any CPU.ActiveCfg = Debug|Any CPU
		{ACE972D6-11E1-470B-847D-1DEE8832A74B}.Debug|Any CPU.Build.0 = Debug|Any CPU
		{ACE972D6-11E1-470B-847D-1DEE8832A74B}.Release|Any CPU.ActiveCfg = Release|Any CPU
		{ACE972D6-11E1-470B-847D-1DEE8832A74B}.Release|Any CPU.Build.0 = Release|Any CPU
	EndGlobalSection
	GlobalSection(SolutionProperties) = preSolution
		HideSolutionNode = FALSE
	EndGlobalSection
	GlobalSection(ExtensibilityGlobals) = postSolution
		SolutionGuid = {A97C5696-EAA2-4D45-A4C2-8FBB2CD050D1}
	EndGlobalSection
EndGlobal
